
Microsoft Visual Studio Solution File, Format Version 12.00
# Visual Studio Version 17
VisualStudioVersion = 17.14.36121.58 d17.14
MinimumVisualStudioVersion = 10.0.40219.1
Project("{FAE04EC0-301F-11D3-BF4B-00C04F79EFBC}") = "NoteApi", "NoteApi.csproj", "{CAFDBD23-8251-4DC2-97D3-5C5D25F19425}"
EndProject
Global
	GlobalSection(SolutionConfigurationPlatforms) = preSolution
		Debug|Any CPU = Debug|Any CPU
		Release|Any CPU = Release|Any CPU
	EndGlobalSection
	GlobalSection(ProjectConfigurationPlatforms) = postSolution
		{CAFDBD23-8251-4DC2-97D3-5C5D25F19425}.Debug|Any CPU.ActiveCfg = Debug|Any CPU
		{CAFDBD23-8251-4DC2-97D3-5C5D25F19425}.Debug|Any CPU.Build.0 = Debug|Any CPU
		{CAFDBD23-8251-4DC2-97D3-5C5D25F19425}.Release|Any CPU.ActiveCfg = Release|Any CPU
		{CAFDBD23-8251-4DC2-97D3-5C5D25F19425}.Release|Any CPU.Build.0 = Release|Any CPU
	EndGlobalSection
	GlobalSection(SolutionProperties) = preSolution
		HideSolutionNode = FALSE
	EndGlobalSection
	GlobalSection(ExtensibilityGlobals) = postSolution
		SolutionGuid = {A81CC56C-7A35-427A-821A-BA6C1F49D9D1}
	EndGlobalSection
EndGlobal
